<Solution>
  <Folder Name="/Documentation/">
    <File Path="README.md" />
  </Folder>
  <Folder Name="/Solution Items/">
    <File Path=".editorconfig" />
  </Folder>
  <Project Path="ext/hxe/src/HXE.csproj" />
  <Project Path="src/AmaiSosu.GUI/AmaiSosu.GUI.csproj">
    <BuildDependency Project="src/AmaiSosu/AmaiSosu.csproj" />
  </Project>
  <Project Path="src/AmaiSosu/AmaiSosu.csproj" >
    <BuildDependency Project="ext/hxe/src/HXE.csproj" />
  </Project>
</Solution>
