<Solution>
  <Folder Name="/Documentation/">
    <File Path="../README.md" />
  </Folder>
  <Folder Name="/Solution Items/">
    <File Path=".editorconfig" />
  </Folder>
  <Project Path="../ext/HXE/src/HXE.csproj" />
  <Project Path="../ext/Intern/Intern.csproj" />
  <Project Path="AmaiSosu.GUI/AmaiSosu.GUI.csproj">
    <BuildDependency Project="../ext/HXE/src/HXE.csproj" />
  </Project>
  <Project Path="AmaiSosu/AmaiSosu.csproj" />
</Solution>
